
Microsoft Visual Studio Solution File, Format Version 12.00
# Visual Studio 14
VisualStudioVersion = 14.0.25420.1
MinimumVisualStudioVersion = 10.0.40219.1
Project("{FAE04EC0-301F-11D3-BF4B-00C04F79EFBC}") = "MiniMvc", "2.Mvc\MiniMvc\MiniMvc.csproj", "{A1756279-7B30-4667-BEAB-3CDA10462AC4}"
EndProject
Project("{FAE04EC0-301F-11D3-BF4B-00C04F79EFBC}") = "WebAppController", "3.Controller\WebAppController\WebAppController.csproj", "{0B1EB1B1-F127-45D9-8724-79AAF8214AD8}"
EndProject
Project("{FAE04EC0-301F-11D3-BF4B-00C04F79EFBC}") = "WebAppControllerActivator", "3.Controller\WebAppControllerActivator\WebAppControllerActivator.csproj", "{7E9FF0EF-1564-4B2A-872B-F805CC7A1966}"
EndProject
Project("{FAE04EC0-301F-11D3-BF4B-00C04F79EFBC}") = "WebAppDependencyResolver", "3.Controller\WebAppDependencyResolver\WebAppDependencyResolver.csproj", "{0ED2B620-F4C5-4B2E-B1F2-3BCCCA828FA7}"
EndProject
Project("{2150E333-8FDC-42A3-9474-1A3956D46DE8}") = "3.Controller", "3.Controller", "{1BAFAA80-8688-483E-90ED-0DBD5F50B46C}"
EndProject
Project("{2150E333-8FDC-42A3-9474-1A3956D46DE8}") = "2.Mvc", "2.Mvc", "{608516B8-3FD1-4479-B451-EF0D09CDB5BB}"
EndProject
Project("{2150E333-8FDC-42A3-9474-1A3956D46DE8}") = "4.Model", "4.Model", "{8E845EA8-0AD0-4F59-AFC4-97163CD8C7C0}"
EndProject
Project("{FAE04EC0-301F-11D3-BF4B-00C04F79EFBC}") = "WebAppModelMatedata", "WebAppModelMatedata\WebAppModelMatedata.csproj", "{6A2E99EE-B1BA-4B60-883F-DCEC3B97DE21}"
EndProject
Global
	GlobalSection(SolutionConfigurationPlatforms) = preSolution
		Debug|Any CPU = Debug|Any CPU
		Release|Any CPU = Release|Any CPU
	EndGlobalSection
	GlobalSection(ProjectConfigurationPlatforms) = postSolution
		{A1756279-7B30-4667-BEAB-3CDA10462AC4}.Debug|Any CPU.ActiveCfg = Debug|Any CPU
		{A1756279-7B30-4667-BEAB-3CDA10462AC4}.Debug|Any CPU.Build.0 = Debug|Any CPU
		{A1756279-7B30-4667-BEAB-3CDA10462AC4}.Release|Any CPU.ActiveCfg = Release|Any CPU
		{A1756279-7B30-4667-BEAB-3CDA10462AC4}.Release|Any CPU.Build.0 = Release|Any CPU
		{0B1EB1B1-F127-45D9-8724-79AAF8214AD8}.Debug|Any CPU.ActiveCfg = Debug|Any CPU
		{0B1EB1B1-F127-45D9-8724-79AAF8214AD8}.Debug|Any CPU.Build.0 = Debug|Any CPU
		{0B1EB1B1-F127-45D9-8724-79AAF8214AD8}.Release|Any CPU.ActiveCfg = Release|Any CPU
		{0B1EB1B1-F127-45D9-8724-79AAF8214AD8}.Release|Any CPU.Build.0 = Release|Any CPU
		{7E9FF0EF-1564-4B2A-872B-F805CC7A1966}.Debug|Any CPU.ActiveCfg = Debug|Any CPU
		{7E9FF0EF-1564-4B2A-872B-F805CC7A1966}.Debug|Any CPU.Build.0 = Debug|Any CPU
		{7E9FF0EF-1564-4B2A-872B-F805CC7A1966}.Release|Any CPU.ActiveCfg = Release|Any CPU
		{7E9FF0EF-1564-4B2A-872B-F805CC7A1966}.Release|Any CPU.Build.0 = Release|Any CPU
		{0ED2B620-F4C5-4B2E-B1F2-3BCCCA828FA7}.Debug|Any CPU.ActiveCfg = Debug|Any CPU
		{0ED2B620-F4C5-4B2E-B1F2-3BCCCA828FA7}.Debug|Any CPU.Build.0 = Debug|Any CPU
		{0ED2B620-F4C5-4B2E-B1F2-3BCCCA828FA7}.Release|Any CPU.ActiveCfg = Release|Any CPU
		{0ED2B620-F4C5-4B2E-B1F2-3BCCCA828FA7}.Release|Any CPU.Build.0 = Release|Any CPU
		{6A2E99EE-B1BA-4B60-883F-DCEC3B97DE21}.Debug|Any CPU.ActiveCfg = Debug|Any CPU
		{6A2E99EE-B1BA-4B60-883F-DCEC3B97DE21}.Debug|Any CPU.Build.0 = Debug|Any CPU
		{6A2E99EE-B1BA-4B60-883F-DCEC3B97DE21}.Release|Any CPU.ActiveCfg = Release|Any CPU
		{6A2E99EE-B1BA-4B60-883F-DCEC3B97DE21}.Release|Any CPU.Build.0 = Release|Any CPU
	EndGlobalSection
	GlobalSection(SolutionProperties) = preSolution
		HideSolutionNode = FALSE
	EndGlobalSection
	GlobalSection(NestedProjects) = preSolution
		{A1756279-7B30-4667-BEAB-3CDA10462AC4} = {608516B8-3FD1-4479-B451-EF0D09CDB5BB}
		{0B1EB1B1-F127-45D9-8724-79AAF8214AD8} = {1BAFAA80-8688-483E-90ED-0DBD5F50B46C}
		{7E9FF0EF-1564-4B2A-872B-F805CC7A1966} = {1BAFAA80-8688-483E-90ED-0DBD5F50B46C}
		{0ED2B620-F4C5-4B2E-B1F2-3BCCCA828FA7} = {1BAFAA80-8688-483E-90ED-0DBD5F50B46C}
		{6A2E99EE-B1BA-4B60-883F-DCEC3B97DE21} = {8E845EA8-0AD0-4F59-AFC4-97163CD8C7C0}
	EndGlobalSection
EndGlobal
