
Microsoft Visual Studio Solution File, Format Version 12.00
# Visual Studio 14
VisualStudioVersion = 14.0.25420.1
MinimumVisualStudioVersion = 10.0.40219.1
Project("{FAE04EC0-301F-11D3-BF4B-00C04F79EFBC}") = "MiniMvc", "2.Mvc\MiniMvc\MiniMvc.csproj", "{A1756279-7B30-4667-BEAB-3CDA10462AC4}"
EndProject
Project("{FAE04EC0-301F-11D3-BF4B-00C04F79EFBC}") = "WebAppController", "3.Controller\WebAppController\WebAppController.csproj", "{0B1EB1B1-F127-45D9-8724-79AAF8214AD8}"
EndProject
Project("{FAE04EC0-301F-11D3-BF4B-00C04F79EFBC}") = "WebAppControllerActivator", "3.Controller\WebAppControllerActivator\WebAppControllerActivator.csproj", "{7E9FF0EF-1564-4B2A-872B-F805CC7A1966}"
EndProject
Project("{FAE04EC0-301F-11D3-BF4B-00C04F79EFBC}") = "WebAppDependencyResolver", "3.Controller\WebAppDependencyResolver\WebAppDependencyResolver.csproj", "{0ED2B620-F4C5-4B2E-B1F2-3BCCCA828FA7}"
EndProject
Project("{2150E333-8FDC-42A3-9474-1A3956D46DE8}") = "3.Controller", "3.Controller", "{1BAFAA80-8688-483E-90ED-0DBD5F50B46C}"
EndProject
Project("{2150E333-8FDC-42A3-9474-1A3956D46DE8}") = "2.Mvc", "2.Mvc", "{608516B8-3FD1-4479-B451-EF0D09CDB5BB}"
EndProject
Project("{2150E333-8FDC-42A3-9474-1A3956D46DE8}") = "4.Model", "4.Model", "{8E845EA8-0AD0-4F59-AFC4-97163CD8C7C0}"
EndProject
Project("{FAE04EC0-301F-11D3-BF4B-00C04F79EFBC}") = "WebAppModelMatedata", "4.Model\WebAppModelMatedata\WebAppModelMatedata.csproj", "{6A2E99EE-B1BA-4B60-883F-DCEC3B97DE21}"
EndProject
Project("{FAE04EC0-301F-11D3-BF4B-00C04F79EFBC}") = "WebAppHtmlTemplate", "4.Model\WebAppHtmlTemplate\WebAppHtmlTemplate.csproj", "{0BED1592-F665-4571-B142-6B7682153536}"
EndProject
Project("{FAE04EC0-301F-11D3-BF4B-00C04F79EFBC}") = "WebAppModelMetadataDetail", "4.Model\WebAppModelMetadataDetail\WebAppModelMetadataDetail.csproj", "{EB33F6AB-2B2E-40BF-BB79-26CB609E1093}"
EndProject
Project("{2150E333-8FDC-42A3-9474-1A3956D46DE8}") = "5.Descriptor", "5.Descriptor", "{522BC9DA-E1AC-4D33-854B-2ABA4D116F93}"
EndProject
Project("{FAE04EC0-301F-11D3-BF4B-00C04F79EFBC}") = "WebAppControllerDescriptor", "5.Descriptor\WebAppControllerDescriptor\WebAppControllerDescriptor.csproj", "{D84ADD26-8185-46D7-B52C-0D2AEB767298}"
EndProject
Project("{2150E333-8FDC-42A3-9474-1A3956D46DE8}") = "6.ModelBinding", "6.ModelBinding", "{23B06EF9-1B0B-458F-ADB7-B3F6FC01B77A}"
EndProject
Project("{FAE04EC0-301F-11D3-BF4B-00C04F79EFBC}") = "WebAppModelBinding", "6.ModelBinding\WebAppModelBinding\WebAppModelBinding.csproj", "{B0188FE8-0448-4C32-8407-6B1B0EF831A6}"
EndProject
Project("{2150E333-8FDC-42A3-9474-1A3956D46DE8}") = "7.MyModelBinder", "7.MyModelBinder", "{9D55312D-51F4-4303-B78F-2730563252BA}"
EndProject
Project("{FAE04EC0-301F-11D3-BF4B-00C04F79EFBC}") = "WebAppMyModelBinder", "7.MyModelBinder\WebAppMyModelBinder\WebAppMyModelBinder.csproj", "{FD3A0A0B-F483-40F0-B8FC-A51F7099942D}"
EndProject
Project("{2150E333-8FDC-42A3-9474-1A3956D46DE8}") = "8.ModelValidation", "8.ModelValidation", "{4DE93F1E-FB18-4966-9B3A-46E921BD5347}"
EndProject
Project("{FAE04EC0-301F-11D3-BF4B-00C04F79EFBC}") = "WebAppModelValidation", "8.ModelValidation\WebAppModelValidation\WebAppModelValidation.csproj", "{E3FC2525-F2C2-4BCF-B66E-57EC8A31EE1A}"
EndProject
Project("{FAE04EC0-301F-11D3-BF4B-00C04F79EFBC}") = "WebAppParameterValidate", "8.ModelValidation\WebAppParameterValidate\WebAppParameterValidate.csproj", "{CA21FB99-78DC-40E9-892C-714AC3BC1D76}"
EndProject
Project("{2150E333-8FDC-42A3-9474-1A3956D46DE8}") = "10.Action", "10.Action", "{EF5B209B-C37E-4ADD-B6C8-B008FF4F2567}"
EndProject
Project("{FAE04EC0-301F-11D3-BF4B-00C04F79EFBC}") = "WebAppAction", "10.Action\WebAppAction\WebAppAction.csproj", "{74979E8B-4B04-4097-93C6-D5F42779D500}"
EndProject
Global
	GlobalSection(SolutionConfigurationPlatforms) = preSolution
		Debug|Any CPU = Debug|Any CPU
		Release|Any CPU = Release|Any CPU
	EndGlobalSection
	GlobalSection(ProjectConfigurationPlatforms) = postSolution
		{A1756279-7B30-4667-BEAB-3CDA10462AC4}.Debug|Any CPU.ActiveCfg = Debug|Any CPU
		{A1756279-7B30-4667-BEAB-3CDA10462AC4}.Debug|Any CPU.Build.0 = Debug|Any CPU
		{A1756279-7B30-4667-BEAB-3CDA10462AC4}.Release|Any CPU.ActiveCfg = Release|Any CPU
		{A1756279-7B30-4667-BEAB-3CDA10462AC4}.Release|Any CPU.Build.0 = Release|Any CPU
		{0B1EB1B1-F127-45D9-8724-79AAF8214AD8}.Debug|Any CPU.ActiveCfg = Debug|Any CPU
		{0B1EB1B1-F127-45D9-8724-79AAF8214AD8}.Debug|Any CPU.Build.0 = Debug|Any CPU
		{0B1EB1B1-F127-45D9-8724-79AAF8214AD8}.Release|Any CPU.ActiveCfg = Release|Any CPU
		{0B1EB1B1-F127-45D9-8724-79AAF8214AD8}.Release|Any CPU.Build.0 = Release|Any CPU
		{7E9FF0EF-1564-4B2A-872B-F805CC7A1966}.Debug|Any CPU.ActiveCfg = Debug|Any CPU
		{7E9FF0EF-1564-4B2A-872B-F805CC7A1966}.Debug|Any CPU.Build.0 = Debug|Any CPU
		{7E9FF0EF-1564-4B2A-872B-F805CC7A1966}.Release|Any CPU.ActiveCfg = Release|Any CPU
		{7E9FF0EF-1564-4B2A-872B-F805CC7A1966}.Release|Any CPU.Build.0 = Release|Any CPU
		{0ED2B620-F4C5-4B2E-B1F2-3BCCCA828FA7}.Debug|Any CPU.ActiveCfg = Debug|Any CPU
		{0ED2B620-F4C5-4B2E-B1F2-3BCCCA828FA7}.Debug|Any CPU.Build.0 = Debug|Any CPU
		{0ED2B620-F4C5-4B2E-B1F2-3BCCCA828FA7}.Release|Any CPU.ActiveCfg = Release|Any CPU
		{0ED2B620-F4C5-4B2E-B1F2-3BCCCA828FA7}.Release|Any CPU.Build.0 = Release|Any CPU
		{6A2E99EE-B1BA-4B60-883F-DCEC3B97DE21}.Debug|Any CPU.ActiveCfg = Debug|Any CPU
		{6A2E99EE-B1BA-4B60-883F-DCEC3B97DE21}.Debug|Any CPU.Build.0 = Debug|Any CPU
		{6A2E99EE-B1BA-4B60-883F-DCEC3B97DE21}.Release|Any CPU.ActiveCfg = Release|Any CPU
		{6A2E99EE-B1BA-4B60-883F-DCEC3B97DE21}.Release|Any CPU.Build.0 = Release|Any CPU
		{0BED1592-F665-4571-B142-6B7682153536}.Debug|Any CPU.ActiveCfg = Debug|Any CPU
		{0BED1592-F665-4571-B142-6B7682153536}.Debug|Any CPU.Build.0 = Debug|Any CPU
		{0BED1592-F665-4571-B142-6B7682153536}.Release|Any CPU.ActiveCfg = Release|Any CPU
		{0BED1592-F665-4571-B142-6B7682153536}.Release|Any CPU.Build.0 = Release|Any CPU
		{EB33F6AB-2B2E-40BF-BB79-26CB609E1093}.Debug|Any CPU.ActiveCfg = Debug|Any CPU
		{EB33F6AB-2B2E-40BF-BB79-26CB609E1093}.Debug|Any CPU.Build.0 = Debug|Any CPU
		{EB33F6AB-2B2E-40BF-BB79-26CB609E1093}.Release|Any CPU.ActiveCfg = Release|Any CPU
		{EB33F6AB-2B2E-40BF-BB79-26CB609E1093}.Release|Any CPU.Build.0 = Release|Any CPU
		{D84ADD26-8185-46D7-B52C-0D2AEB767298}.Debug|Any CPU.ActiveCfg = Debug|Any CPU
		{D84ADD26-8185-46D7-B52C-0D2AEB767298}.Debug|Any CPU.Build.0 = Debug|Any CPU
		{D84ADD26-8185-46D7-B52C-0D2AEB767298}.Release|Any CPU.ActiveCfg = Release|Any CPU
		{D84ADD26-8185-46D7-B52C-0D2AEB767298}.Release|Any CPU.Build.0 = Release|Any CPU
		{B0188FE8-0448-4C32-8407-6B1B0EF831A6}.Debug|Any CPU.ActiveCfg = Debug|Any CPU
		{B0188FE8-0448-4C32-8407-6B1B0EF831A6}.Debug|Any CPU.Build.0 = Debug|Any CPU
		{B0188FE8-0448-4C32-8407-6B1B0EF831A6}.Release|Any CPU.ActiveCfg = Release|Any CPU
		{B0188FE8-0448-4C32-8407-6B1B0EF831A6}.Release|Any CPU.Build.0 = Release|Any CPU
		{FD3A0A0B-F483-40F0-B8FC-A51F7099942D}.Debug|Any CPU.ActiveCfg = Debug|Any CPU
		{FD3A0A0B-F483-40F0-B8FC-A51F7099942D}.Debug|Any CPU.Build.0 = Debug|Any CPU
		{FD3A0A0B-F483-40F0-B8FC-A51F7099942D}.Release|Any CPU.ActiveCfg = Release|Any CPU
		{FD3A0A0B-F483-40F0-B8FC-A51F7099942D}.Release|Any CPU.Build.0 = Release|Any CPU
		{E3FC2525-F2C2-4BCF-B66E-57EC8A31EE1A}.Debug|Any CPU.ActiveCfg = Debug|Any CPU
		{E3FC2525-F2C2-4BCF-B66E-57EC8A31EE1A}.Debug|Any CPU.Build.0 = Debug|Any CPU
		{E3FC2525-F2C2-4BCF-B66E-57EC8A31EE1A}.Release|Any CPU.ActiveCfg = Release|Any CPU
		{E3FC2525-F2C2-4BCF-B66E-57EC8A31EE1A}.Release|Any CPU.Build.0 = Release|Any CPU
		{CA21FB99-78DC-40E9-892C-714AC3BC1D76}.Debug|Any CPU.ActiveCfg = Debug|Any CPU
		{CA21FB99-78DC-40E9-892C-714AC3BC1D76}.Debug|Any CPU.Build.0 = Debug|Any CPU
		{CA21FB99-78DC-40E9-892C-714AC3BC1D76}.Release|Any CPU.ActiveCfg = Release|Any CPU
		{CA21FB99-78DC-40E9-892C-714AC3BC1D76}.Release|Any CPU.Build.0 = Release|Any CPU
		{74979E8B-4B04-4097-93C6-D5F42779D500}.Debug|Any CPU.ActiveCfg = Debug|Any CPU
		{74979E8B-4B04-4097-93C6-D5F42779D500}.Debug|Any CPU.Build.0 = Debug|Any CPU
		{74979E8B-4B04-4097-93C6-D5F42779D500}.Release|Any CPU.ActiveCfg = Release|Any CPU
		{74979E8B-4B04-4097-93C6-D5F42779D500}.Release|Any CPU.Build.0 = Release|Any CPU
	EndGlobalSection
	GlobalSection(SolutionProperties) = preSolution
		HideSolutionNode = FALSE
	EndGlobalSection
	GlobalSection(NestedProjects) = preSolution
		{A1756279-7B30-4667-BEAB-3CDA10462AC4} = {608516B8-3FD1-4479-B451-EF0D09CDB5BB}
		{0B1EB1B1-F127-45D9-8724-79AAF8214AD8} = {1BAFAA80-8688-483E-90ED-0DBD5F50B46C}
		{7E9FF0EF-1564-4B2A-872B-F805CC7A1966} = {1BAFAA80-8688-483E-90ED-0DBD5F50B46C}
		{0ED2B620-F4C5-4B2E-B1F2-3BCCCA828FA7} = {1BAFAA80-8688-483E-90ED-0DBD5F50B46C}
		{6A2E99EE-B1BA-4B60-883F-DCEC3B97DE21} = {8E845EA8-0AD0-4F59-AFC4-97163CD8C7C0}
		{0BED1592-F665-4571-B142-6B7682153536} = {8E845EA8-0AD0-4F59-AFC4-97163CD8C7C0}
		{EB33F6AB-2B2E-40BF-BB79-26CB609E1093} = {8E845EA8-0AD0-4F59-AFC4-97163CD8C7C0}
		{D84ADD26-8185-46D7-B52C-0D2AEB767298} = {522BC9DA-E1AC-4D33-854B-2ABA4D116F93}
		{B0188FE8-0448-4C32-8407-6B1B0EF831A6} = {23B06EF9-1B0B-458F-ADB7-B3F6FC01B77A}
		{FD3A0A0B-F483-40F0-B8FC-A51F7099942D} = {9D55312D-51F4-4303-B78F-2730563252BA}
		{E3FC2525-F2C2-4BCF-B66E-57EC8A31EE1A} = {4DE93F1E-FB18-4966-9B3A-46E921BD5347}
		{CA21FB99-78DC-40E9-892C-714AC3BC1D76} = {4DE93F1E-FB18-4966-9B3A-46E921BD5347}
		{74979E8B-4B04-4097-93C6-D5F42779D500} = {EF5B209B-C37E-4ADD-B6C8-B008FF4F2567}
	EndGlobalSection
EndGlobal
